// !$*UTF8*$!
{
	archiveVersion = 1;
	classes = {
	};
	objectVersion = 46;
	objects = {

/* Begin PBXBuildFile section */
		EEE716D21CD24E8900695C9F /* AppDelegate.swift in Sources */ = {isa = PBXBuildFile; fileRef = EEE716D11CD24E8900695C9F /* AppDelegate.swift */; };
		EEE716D41CD24E8900695C9F /* ViewController.swift in Sources */ = {isa = PBXBuildFile; fileRef = EEE716D31CD24E8900695C9F /* ViewController.swift */; };
		EEE716D71CD24E8900695C9F /* Main.storyboard in Resources */ = {isa = PBXBuildFile; fileRef = EEE716D51CD24E8900695C9F /* Main.storyboard */; };
		EEE716D91CD24E8900695C9F /* Assets.xcassets in Resources */ = {isa = PBXBuildFile; fileRef = EEE716D81CD24E8900695C9F /* Assets.xcassets */; };
		EEE716DC1CD24E8900695C9F /* LaunchScreen.storyboard in Resources */ = {isa = PBXBuildFile; fileRef = EEE716DA1CD24E8900695C9F /* LaunchScreen.storyboard */; };
		EEE716E41CD2550F00695C9F /* 屏幕快照 2016-04-28 10.05.33.png in Resources */ = {isa = PBXBuildFile; fileRef = EEE716E31CD2550F00695C9F /* 屏幕快照 2016-04-28 10.05.33.png */; };
/* End PBXBuildFile section */

/* Begin PBXFileReference section */
		EEE716CE1CD24E8900695C9F /* GithubPushTest.app */ = {isa = PBXFileReference; explicitFileType = wrapper.application; includeInIndex = 0; path = GithubPushTest.app; sourceTree = BUILT_PRODUCTS_DIR; };
		EEE716D11CD24E8900695C9F /* AppDelegate.swift */ = {isa = PBXFileReference; lastKnownFileType = sourcecode.swift; path = AppDelegate.swift; sourceTree = "<group>"; };
		EEE716D31CD24E8900695C9F /* ViewController.swift */ = {isa = PBXFileReference; lastKnownFileType = sourcecode.swift; path = ViewController.swift; sourceTree = "<group>"; };
		EEE716D61CD24E8900695C9F /* Base */ = {isa = PBXFileReference; lastKnownFileType = file.storyboard; name = Base; path = Base.lproj/Main.storyboard; sourceTree = "<group>"; };
		EEE716D81CD24E8900695C9F /* Assets.xcassets */ = {isa = PBXFileReference; lastKnownFileType = folder.assetcatalog; path = Assets.xcassets; sourceTree = "<group>"; };
		EEE716DB1CD24E8900695C9F /* Base */ = {isa = PBXFileReference; lastKnownFileType = file.storyboard; name = Base; path = Base.lproj/LaunchScreen.storyboard; sourceTree = "<group>"; };
		EEE716DD1CD24E8900695C9F /* Info.plist */ = {isa = PBXFileReference; lastKnownFileType = text.plist.xml; path = Info.plist; sourceTree = "<group>"; };
		EEE716E31CD2550F00695C9F /* 屏幕快照 2016-04-28 10.05.33.png */ = {isa = PBXFileReference; lastKnownFileType = image.png; name = "屏幕快照 2016-04-28 10.05.33.png"; path = "../../../../../屏幕快照 2016-04-28 10.05.33.png"; sourceTree = "<group>"; };
/* End PBXFileReference section */

/* Begin PBXFrameworksBuildPhase section */
		EEE716CB1CD24E8900695C9F /* Frameworks */ = {
			isa = PBXFrameworksBuildPhase;
			buildActionMask = 2147483647;
			files = (
			);
			runOnlyForDeploymentPostprocessing = 0;
		};
/* End PBXFrameworksBuildPhase section */

/* Begin PBXGroup section */
		EEE716C51CD24E8900695C9F = {
			isa = PBXGroup;
			children = (
				EEE716D01CD24E8900695C9F /* GithubPushTest */,
				EEE716CF1CD24E8900695C9F /* Products */,
			);
			sourceTree = "<group>";
		};
		EEE716CF1CD24E8900695C9F /* Products */ = {
			isa = PBXGroup;
			children = (
				EEE716CE1CD24E8900695C9F /* GithubPushTest.app */,
			);
			name = Products;
			sourceTree = "<group>";
		};
		EEE716D01CD24E8900695C9F /* GithubPushTest */ = {
			isa = PBXGroup;
			children = (
				EEE716D11CD24E8900695C9F /* AppDelegate.swift */,
				EEE716D31CD24E8900695C9F /* ViewController.swift */,
				EEE716D51CD24E8900695C9F /* Main.storyboard */,
				EEE716D81CD24E8900695C9F /* Assets.xcassets */,
				EEE716E31CD2550F00695C9F /* 屏幕快照 2016-04-28 10.05.33.png */,
				EEE716DA1CD24E8900695C9F /* LaunchScreen.storyboard */,
				EEE716DD1CD24E8900695C9F /* Info.plist */,
			);
			path = GithubPushTest;
			sourceTree = "<group>";
		};
/* End PBXGroup section */

/* Begin PBXNativeTarget section */
		EEE716CD1CD24E8900695C9F /* GithubPushTest */ = {
			isa = PBXNativeTarget;
			buildConfigurationList = EEE716E01CD24E8900695C9F /* Build configuration list for PBXNativeTarget "GithubPushTest" */;
			buildPhases = (
				EEE716CA1CD24E8900695C9F /* Sources */,
				EEE716CB1CD24E8900695C9F /* Frameworks */,
				EEE716CC1CD24E8900695C9F /* Resources */,
			);
			buildRules = (
			);
			dependencies = (
			);
			name = GithubPushTest;
			productName = GithubPushTest;
			productReference = EEE716CE1CD24E8900695C9F /* GithubPushTest.app */;
			productType = "com.apple.product-type.application";
		};
/* End PBXNativeTarget section */

/* Begin PBXProject section */
		EEE716C61CD24E8900695C9F /* Project object */ = {
			isa = PBXProject;
			attributes = {
				LastSwiftUpdateCheck = 0730;
				LastUpgradeCheck = 0730;
				ORGANIZATIONNAME = "姜况童";
				TargetAttributes = {
					EEE716CD1CD24E8900695C9F = {
						CreatedOnToolsVersion = 7.3;
					};
				};
			};
			buildConfigurationList = EEE716C91CD24E8900695C9F /* Build configuration list for PBXProject "GithubPushTest" */;
			compatibilityVersion = "Xcode 3.2";
			developmentRegion = English;
			hasScannedForEncodings = 0;
			knownRegions = (
				en,
				Base,
			);
			mainGroup = EEE716C51CD24E8900695C9F;
			productRefGroup = EEE716CF1CD24E8900695C9F /* Products */;
			projectDirPath = "";
			projectRoot = "";
			targets = (
				EEE716CD1CD24E8900695C9F /* GithubPushTest */,
			);
		};
/* End PBXProject section */

/* Begin PBXResourcesBuildPhase section */
		EEE716CC1CD24E8900695C9F /* Resources */ = {
			isa = PBXResourcesBuildPhase;
			buildActionMask = 2147483647;
			files = (
				EEE716DC1CD24E8900695C9F /* LaunchScreen.storyboard in Resources */,
				EEE716D91CD24E8900695C9F /* Assets.xcassets in Resources */,
				EEE716E41CD2550F00695C9F /* 屏幕快照 2016-04-28 10.05.33.png in Resources */,
				EEE716D71CD24E8900695C9F /* Main.storyboard in Resources */,
			);
			runOnlyForDeploymentPostprocessing = 0;
		};
/* End PBXResourcesBuildPhase section */

/* Begin PBXSourcesBuildPhase section */
		EEE716CA1CD24E8900695C9F /* Sources */ = {
			isa = PBXSourcesBuildPhase;
			buildActionMask = 2147483647;
			files = (
				EEE716D41CD24E8900695C9F /* ViewController.swift in Sources */,
				EEE716D21CD24E8900695C9F /* AppDelegate.swift in Sources */,
			);
			runOnlyForDeploymentPostprocessing = 0;
		};
/* End PBXSourcesBuildPhase section */

/* Begin PBXVariantGroup section */
		EEE716D51CD24E8900695C9F /* Main.storyboard */ = {
			isa = PBXVariantGroup;
			children = (
				EEE716D61CD24E8900695C9F /* Base */,
			);
			name = Main.storyboard;
			sourceTree = "<group>";
		};
		EEE716DA1CD24E8900695C9F /* LaunchScreen.storyboard */ = {
			isa = PBXVariantGroup;
			children = (
				EEE716DB1CD24E8900695C9F /* Base */,
			);
			name = LaunchScreen.storyboard;
			sourceTree = "<group>";
		};
/* End PBXVariantGroup section */

/* Begin XCBuildConfiguration section */
		EEE716DE1CD24E8900695C9F /* Debug */ = {
			isa = XCBuildConfiguration;
			buildSettings = {
				ALWAYS_SEARCH_USER_PATHS = NO;
				CLANG_ANALYZER_NONNULL = YES;
				CLANG_CXX_LANGUAGE_STANDARD = "gnu++0x";
				CLANG_CXX_LIBRARY = "libc++";
				CLANG_ENABLE_MODULES = YES;
				CLANG_ENABLE_OBJC_ARC = YES;
				CLANG_WARN_BOOL_CONVERSION = YES;
				CLANG_WARN_CONSTANT_CONVERSION = YES;
				CLANG_WARN_DIRECT_OBJC_ISA_USAGE = YES_ERROR;
				CLANG_WARN_EMPTY_BODY = YES;
				CLANG_WARN_ENUM_CONVERSION = YES;
				CLANG_WARN_INT_CONVERSION = YES;
				CLANG_WARN_OBJC_ROOT_CLASS = YES_ERROR;
				CLANG_WARN_UNREACHABLE_CODE = YES;
				CLANG_WARN__DUPLICATE_METHOD_MATCH = YES;
				"CODE_SIGN_IDENTITY[sdk=iphoneos*]" = "iPhone Developer";
				COPY_PHASE_STRIP = NO;
				DEBUG_INFORMATION_FORMAT = dwarf;
				ENABLE_STRICT_OBJC_MSGSEND = YES;
				ENABLE_TESTABILITY = YES;
				GCC_C_LANGUAGE_STANDARD = gnu99;
				GCC_DYNAMIC_NO_PIC = NO;
				GCC_NO_COMMON_BLOCKS = YES;
				GCC_OPTIMIZATION_LEVEL = 0;
				GCC_PREPROCESSOR_DEFINITIONS = (
					"DEBUG=1",
					"$(inherited)",
				);
				GCC_WARN_64_TO_32_BIT_CONVERSION = YES;
				GCC_WARN_ABOUT_RETURN_TYPE = YES_ERROR;
				GCC_WARN_UNDECLARED_SELECTOR = YES;
				GCC_WARN_UNINITIALIZED_AUTOS = YES_AGGRESSIVE;
				GCC_WARN_UNUSED_FUNCTION = YES;
				GCC_WARN_UNUSED_VARIABLE = YES;
				IPHONEOS_DEPLOYMENT_TARGET = 9.3;
				MTL_ENABLE_DEBUG_INFO = YES;
				ONLY_ACTIVE_ARCH = YES;
				SDKROOT = iphoneos;
				SWIFT_OPTIMIZATION_LEVEL = "-Onone";
			};
			name = Debug;
		};
		EEE716DF1CD24E8900695C9F /* Release */ = {
			isa = XCBuildConfiguration;
			buildSettings = {
				ALWAYS_SEARCH_USER_PATHS = NO;
				CLANG_ANALYZER_NONNULL = YES;
				CLANG_CXX_LANGUAGE_STANDARD = "gnu++0x";
				CLANG_CXX_LIBRARY = "libc++";
				CLANG_ENABLE_MODULES = YES;
				CLANG_ENABLE_OBJC_ARC = YES;
				CLANG_WARN_BOOL_CONVERSION = YES;
				CLANG_WARN_CONSTANT_CONVERSION = YES;
				CLANG_WARN_DIRECT_OBJC_ISA_USAGE = YES_ERROR;
				CLANG_WARN_EMPTY_BODY = YES;
				CLANG_WARN_ENUM_CONVERSION = YES;
				CLANG_WARN_INT_CONVERSION = YES;
				CLANG_WARN_OBJC_ROOT_CLASS = YES_ERROR;
				CLANG_WARN_UNREACHABLE_CODE = YES;
				CLANG_WARN__DUPLICATE_METHOD_MATCH = YES;
				"CODE_SIGN_IDENTITY[sdk=iphoneos*]" = "iPhone Developer";
				COPY_PHASE_STRIP = NO;
				DEBUG_INFORMATION_FORMAT = "dwarf-with-dsym";
				ENABLE_NS_ASSERTIONS = NO;
				ENABLE_STRICT_OBJC_MSGSEND = YES;
				GCC_C_LANGUAGE_STANDARD = gnu99;
				GCC_NO_COMMON_BLOCKS = YES;
				GCC_WARN_64_TO_32_BIT_CONVERSION = YES;
				GCC_WARN_ABOUT_RETURN_TYPE = YES_ERROR;
				GCC_WARN_UNDECLARED_SELECTOR = YES;
				GCC_WARN_UNINITIALIZED_AUTOS = YES_AGGRESSIVE;
				GCC_WARN_UNUSED_FUNCTION = YES;
				GCC_WARN_UNUSED_VARIABLE = YES;
				IPHONEOS_DEPLOYMENT_TARGET = 9.3;
				MTL_ENABLE_DEBUG_INFO = NO;
				SDKROOT = iphoneos;
				VALIDATE_PRODUCT = YES;
			};
			name = Release;
		};
		EEE716E11CD24E8900695C9F /* Debug */ = {
			isa = XCBuildConfiguration;
			buildSettings = {
				ASSETCATALOG_COMPILER_APPICON_NAME = AppIcon;
				INFOPLIST_FILE = GithubPushTest/Info.plist;
				LD_RUNPATH_SEARCH_PATHS = "$(inherited) @executable_path/Frameworks";
				PRODUCT_BUNDLE_IDENTIFIER = "Vayne-Lover.GithubPushTest";
				PRODUCT_NAME = "$(TARGET_NAME)";
			};
			name = Debug;
		};
		EEE716E21CD24E8900695C9F /* Release */ = {
			isa = XCBuildConfiguration;
			buildSettings = {
				ASSETCATALOG_COMPILER_APPICON_NAME = AppIcon;
				INFOPLIST_FILE = GithubPushTest/Info.plist;
				LD_RUNPATH_SEARCH_PATHS = "$(inherited) @executable_path/Frameworks";
				PRODUCT_BUNDLE_IDENTIFIER = "Vayne-Lover.GithubPushTest";
				PRODUCT_NAME = "$(TARGET_NAME)";
			};
			name = Release;
		};
/* End XCBuildConfiguration section */

/* Begin XCConfigurationList section */
		EEE716C91CD24E8900695C9F /* Build configuration list for PBXProject "GithubPushTest" */ = {
			isa = XCConfigurationList;
			buildConfigurations = (
				EEE716DE1CD24E8900695C9F /* Debug */,
				EEE716DF1CD24E8900695C9F /* Release */,
			);
			defaultConfigurationIsVisible = 0;
			defaultConfigurationName = Release;
		};
		EEE716E01CD24E8900695C9F /* Build configuration list for PBXNativeTarget "GithubPushTest" */ = {
			isa = XCConfigurationList;
			buildConfigurations = (
				EEE716E11CD24E8900695C9F /* Debug */,
				EEE716E21CD24E8900695C9F /* Release */,
			);
			defaultConfigurationIsVisible = 0;
		};
/* End XCConfigurationList section */
	};
	rootObject = EEE716C61CD24E8900695C9F /* Project object */;
}
